// !$*UTF8*$!
{
	archiveVersion = 1;
	classes = {
	};
	objectVersion = 77;
	objects = {

/* Begin PBXBuildFile section */
		23B03CBB81B52268FF1F060E /* APIClient.swift in Sources */ = {isa = PBXBuildFile; fileRef = 2C520CA8B8F1AFAD59FAAD66 /* APIClient.swift */; };
		25DAD1D356E89CC0E500A04B /* SmokeTests.swift in Sources */ = {isa = PBXBuildFile; fileRef = 5D1C23D3C55A214D957A2982 /* SmokeTests.swift */; };
		52103612B9827B57E792D250 /* LoginView.swift in Sources */ = {isa = PBXBuildFile; fileRef = B03DB5E77BE8842D2F6C2DCE /* LoginView.swift */; };
		6CBECE7C9A9B84843EC38842 /* APIClientRefreshTests.swift in Sources */ = {isa = PBXBuildFile; fileRef = 6461861EC24E05C99B54F17C /* APIClientRefreshTests.swift */; };
		7372F92B8985056328479B53 /* RootView.swift in Sources */ = {isa = PBXBuildFile; fileRef = 52F2E33609161938221D63D1 /* RootView.swift */; };
		7D9E04B1A48FD020881114DB /* AuthStore.swift in Sources */ = {isa = PBXBuildFile; fileRef = F3DC97E0AE7655BC1EF9CC28 /* AuthStore.swift */; };
		87464A1052C077FD8C82B6D4 /* DTOTests.swift in Sources */ = {isa = PBXBuildFile; fileRef = C92992ADCF557ED09396616C /* DTOTests.swift */; };
		A48901CBB435B76A141524E1 /* KeychainStore.swift in Sources */ = {isa = PBXBuildFile; fileRef = 982EC216281476DED6532A3E /* KeychainStore.swift */; };
		B39BA0C4AE27BE6D7D525BAC /* VocabStore.swift in Sources */ = {isa = PBXBuildFile; fileRef = 10E185D3E84355D37A51A67F /* VocabStore.swift */; };
		D5B2A58C69189F43CB71D19C /* VocabModels.swift in Sources */ = {isa = PBXBuildFile; fileRef = ECF528BB8E171A221EB4F079 /* VocabModels.swift */; };
		E3FF9877365D94C1A283D6A4 /* VocabStoreTests.swift in Sources */ = {isa = PBXBuildFile; fileRef = 803964B2E65E8CF6F2E7D89F /* VocabStoreTests.swift */; };
		E732A44C490259FFDC9BAD9E /* VocabView.swift in Sources */ = {isa = PBXBuildFile; fileRef = 18E43F499BE06780638E49AB /* VocabView.swift */; };
		E9B730A275BB257204690B79 /* EnglishWordsApp.swift in Sources */ = {isa = PBXBuildFile; fileRef = B0F02AF3318F47A8E590F133 /* EnglishWordsApp.swift */; };
		ECF0314EA02D1AFF54F55B0D /* WordCardView.swift in Sources */ = {isa = PBXBuildFile; fileRef = 796D233DA767AA13B080430A /* WordCardView.swift */; };
		F57FC3C7A89C631AFBD2F339 /* DTO.swift in Sources */ = {isa = PBXBuildFile; fileRef = 62A6812FB507026EBBB581E8 /* DTO.swift */; };
/* End PBXBuildFile section */

/* Begin PBXContainerItemProxy section */
		998AF99E22EF2CC9B9ABDE0A /* PBXContainerItemProxy */ = {
			isa = PBXContainerItemProxy;
			containerPortal = 83681E149767306108F8E666 /* Project object */;
			proxyType = 1;
			remoteGlobalIDString = D2837BE70B2E5BF41DDF4709;
			remoteInfo = EnglishWords;
		};
/* End PBXContainerItemProxy section */

/* Begin PBXFileReference section */
		10E185D3E84355D37A51A67F /* VocabStore.swift */ = {isa = PBXFileReference; lastKnownFileType = sourcecode.swift; path = VocabStore.swift; sourceTree = "<group>"; };
		18E43F499BE06780638E49AB /* VocabView.swift */ = {isa = PBXFileReference; lastKnownFileType = sourcecode.swift; path = VocabView.swift; sourceTree = "<group>"; };
		24A888ED7597C6ACCC88FE16 /* EnglishWordsTests.xctest */ = {isa = PBXFileReference; includeInIndex = 0; lastKnownFileType = wrapper.cfbundle; path = EnglishWordsTests.xctest; sourceTree = BUILT_PRODUCTS_DIR; };
		2C520CA8B8F1AFAD59FAAD66 /* APIClient.swift */ = {isa = PBXFileReference; lastKnownFileType = sourcecode.swift; path = APIClient.swift; sourceTree = "<group>"; };
		52F2E33609161938221D63D1 /* RootView.swift */ = {isa = PBXFileReference; lastKnownFileType = sourcecode.swift; path = RootView.swift; sourceTree = "<group>"; };
		5D1C23D3C55A214D957A2982 /* SmokeTests.swift */ = {isa = PBXFileReference; lastKnownFileType = sourcecode.swift; path = SmokeTests.swift; sourceTree = "<group>"; };
		62A6812FB507026EBBB581E8 /* DTO.swift */ = {isa = PBXFileReference; lastKnownFileType = sourcecode.swift; path = DTO.swift; sourceTree = "<group>"; };
		6461861EC24E05C99B54F17C /* APIClientRefreshTests.swift */ = {isa = PBXFileReference; lastKnownFileType = sourcecode.swift; path = APIClientRefreshTests.swift; sourceTree = "<group>"; };
		796D233DA767AA13B080430A /* WordCardView.swift */ = {isa = PBXFileReference; lastKnownFileType = sourcecode.swift; path = WordCardView.swift; sourceTree = "<group>"; };
		803964B2E65E8CF6F2E7D89F /* VocabStoreTests.swift */ = {isa = PBXFileReference; lastKnownFileType = sourcecode.swift; path = VocabStoreTests.swift; sourceTree = "<group>"; };
		96995F6C1A70BFC24A3EDE68 /* EnglishWords.app */ = {isa = PBXFileReference; includeInIndex = 0; lastKnownFileType = wrapper.application; path = EnglishWords.app; sourceTree = BUILT_PRODUCTS_DIR; };
		982EC216281476DED6532A3E /* KeychainStore.swift */ = {isa = PBXFileReference; lastKnownFileType = sourcecode.swift; path = KeychainStore.swift; sourceTree = "<group>"; };
		B03DB5E77BE8842D2F6C2DCE /* LoginView.swift */ = {isa = PBXFileReference; lastKnownFileType = sourcecode.swift; path = LoginView.swift; sourceTree = "<group>"; };
		B0F02AF3318F47A8E590F133 /* EnglishWordsApp.swift */ = {isa = PBXFileReference; lastKnownFileType = sourcecode.swift; path = EnglishWordsApp.swift; sourceTree = "<group>"; };
		C92992ADCF557ED09396616C /* DTOTests.swift */ = {isa = PBXFileReference; lastKnownFileType = sourcecode.swift; path = DTOTests.swift; sourceTree = "<group>"; };
		ECF528BB8E171A221EB4F079 /* VocabModels.swift */ = {isa = PBXFileReference; lastKnownFileType = sourcecode.swift; path = VocabModels.swift; sourceTree = "<group>"; };
		F3DC97E0AE7655BC1EF9CC28 /* AuthStore.swift */ = {isa = PBXFileReference; lastKnownFileType = sourcecode.swift; path = AuthStore.swift; sourceTree = "<group>"; };
/* End PBXFileReference section */

/* Begin PBXGroup section */
		1834D68F4207622F3FC30453 /* Features */ = {
			isa = PBXGroup;
			children = (
				3A1024BA624EC72F9BFB3CDC /* Auth */,
				CAD26BF1BC5091F14BFE21C1 /* Vocab */,
			);
			path = Features;
			sourceTree = "<group>";
		};
		2E5A86F8D4CCE4284E145FD8 /* Products */ = {
			isa = PBXGroup;
			children = (
				96995F6C1A70BFC24A3EDE68 /* EnglishWords.app */,
				24A888ED7597C6ACCC88FE16 /* EnglishWordsTests.xctest */,
			);
			name = Products;
			sourceTree = "<group>";
		};
		3A1024BA624EC72F9BFB3CDC /* Auth */ = {
			isa = PBXGroup;
			children = (
				F3DC97E0AE7655BC1EF9CC28 /* AuthStore.swift */,
				B03DB5E77BE8842D2F6C2DCE /* LoginView.swift */,
			);
			path = Auth;
			sourceTree = "<group>";
		};
		6F909349B3782248DA4FBD52 /* Core */ = {
			isa = PBXGroup;
			children = (
				2C520CA8B8F1AFAD59FAAD66 /* APIClient.swift */,
				62A6812FB507026EBBB581E8 /* DTO.swift */,
				982EC216281476DED6532A3E /* KeychainStore.swift */,
			);
			path = Core;
			sourceTree = "<group>";
		};
		A18BE5472D12AD068654CD70 = {
			isa = PBXGroup;
			children = (
				A9C7AF85014CB5D9F46D7DC1 /* Sources */,
				C9F1D81285A7F07750545E0D /* Tests */,
				2E5A86F8D4CCE4284E145FD8 /* Products */,
			);
			sourceTree = "<group>";
		};
		A9C7AF85014CB5D9F46D7DC1 /* Sources */ = {
			isa = PBXGroup;
			children = (
				B0F02AF3318F47A8E590F133 /* EnglishWordsApp.swift */,
				52F2E33609161938221D63D1 /* RootView.swift */,
				6F909349B3782248DA4FBD52 /* Core */,
				1834D68F4207622F3FC30453 /* Features */,
			);
			path = Sources;
			sourceTree = "<group>";
		};
		C9F1D81285A7F07750545E0D /* Tests */ = {
			isa = PBXGroup;
			children = (
				6461861EC24E05C99B54F17C /* APIClientRefreshTests.swift */,
				C92992ADCF557ED09396616C /* DTOTests.swift */,
				5D1C23D3C55A214D957A2982 /* SmokeTests.swift */,
				803964B2E65E8CF6F2E7D89F /* VocabStoreTests.swift */,
			);
			path = Tests;
			sourceTree = "<group>";
		};
		CAD26BF1BC5091F14BFE21C1 /* Vocab */ = {
			isa = PBXGroup;
			children = (
				ECF528BB8E171A221EB4F079 /* VocabModels.swift */,
				10E185D3E84355D37A51A67F /* VocabStore.swift */,
				18E43F499BE06780638E49AB /* VocabView.swift */,
				796D233DA767AA13B080430A /* WordCardView.swift */,
			);
			path = Vocab;
			sourceTree = "<group>";
		};
/* End PBXGroup section */

/* Begin PBXNativeTarget section */
		C9FF48075561A45AF11B2A55 /* EnglishWordsTests */ = {
			isa = PBXNativeTarget;
			buildConfigurationList = E28CD7724A7CF6C4407785CD /* Build configuration list for PBXNativeTarget "EnglishWordsTests" */;
			buildPhases = (
				DE1351FF298094CD7284CAB9 /* Sources */,
			);
			buildRules = (
			);
			dependencies = (
				706232FA3902A63F30E5D03A /* PBXTargetDependency */,
			);
			name = EnglishWordsTests;
			packageProductDependencies = (
			);
			productName = EnglishWordsTests;
			productReference = 24A888ED7597C6ACCC88FE16 /* EnglishWordsTests.xctest */;
			productType = "com.apple.product-type.bundle.unit-test";
		};
		D2837BE70B2E5BF41DDF4709 /* EnglishWords */ = {
			isa = PBXNativeTarget;
			buildConfigurationList = B8119DF724EE5716781841DF /* Build configuration list for PBXNativeTarget "EnglishWords" */;
			buildPhases = (
				896EF35D4782D895631B33AB /* Sources */,
			);
			buildRules = (
			);
			dependencies = (
			);
			name = EnglishWords;
			packageProductDependencies = (
			);
			productName = EnglishWords;
			productReference = 96995F6C1A70BFC24A3EDE68 /* EnglishWords.app */;
			productType = "com.apple.product-type.application";
		};
/* End PBXNativeTarget section */

/* Begin PBXProject section */
		83681E149767306108F8E666 /* Project object */ = {
			isa = PBXProject;
			attributes = {
				BuildIndependentTargetsInParallel = YES;
				LastUpgradeCheck = 1430;
				TargetAttributes = {
					C9FF48075561A45AF11B2A55 = {
						DevelopmentTeam = 9H47USBKK4;
						ProvisioningStyle = Automatic;
					};
					D2837BE70B2E5BF41DDF4709 = {
						DevelopmentTeam = 9H47USBKK4;
						ProvisioningStyle = Automatic;
					};
				};
			};
			buildConfigurationList = 1C9CBA163A738B78BA925FC2 /* Build configuration list for PBXProject "EnglishWords" */;
			developmentRegion = en;
			hasScannedForEncodings = 0;
			knownRegions = (
				Base,
				en,
			);
			mainGroup = A18BE5472D12AD068654CD70;
			minimizedProjectReferenceProxies = 1;
			preferredProjectObjectVersion = 77;
			productRefGroup = 2E5A86F8D4CCE4284E145FD8 /* Products */;
			projectDirPath = "";
			projectRoot = "";
			targets = (
				D2837BE70B2E5BF41DDF4709 /* EnglishWords */,
				C9FF48075561A45AF11B2A55 /* EnglishWordsTests */,
			);
		};
/* End PBXProject section */

/* Begin PBXSourcesBuildPhase section */
		896EF35D4782D895631B33AB /* Sources */ = {
			isa = PBXSourcesBuildPhase;
			buildActionMask = 2147483647;
			files = (
				23B03CBB81B52268FF1F060E /* APIClient.swift in Sources */,
				7D9E04B1A48FD020881114DB /* AuthStore.swift in Sources */,
				F57FC3C7A89C631AFBD2F339 /* DTO.swift in Sources */,
				E9B730A275BB257204690B79 /* EnglishWordsApp.swift in Sources */,
				A48901CBB435B76A141524E1 /* KeychainStore.swift in Sources */,
				52103612B9827B57E792D250 /* LoginView.swift in Sources */,
				7372F92B8985056328479B53 /* RootView.swift in Sources */,
				D5B2A58C69189F43CB71D19C /* VocabModels.swift in Sources */,
				B39BA0C4AE27BE6D7D525BAC /* VocabStore.swift in Sources */,
				E732A44C490259FFDC9BAD9E /* VocabView.swift in Sources */,
				ECF0314EA02D1AFF54F55B0D /* WordCardView.swift in Sources */,
			);
			runOnlyForDeploymentPostprocessing = 0;
		};
		DE1351FF298094CD7284CAB9 /* Sources */ = {
			isa = PBXSourcesBuildPhase;
			buildActionMask = 2147483647;
			files = (
				6CBECE7C9A9B84843EC38842 /* APIClientRefreshTests.swift in Sources */,
				87464A1052C077FD8C82B6D4 /* DTOTests.swift in Sources */,
				25DAD1D356E89CC0E500A04B /* SmokeTests.swift in Sources */,
				E3FF9877365D94C1A283D6A4 /* VocabStoreTests.swift in Sources */,
			);
			runOnlyForDeploymentPostprocessing = 0;
		};
/* End PBXSourcesBuildPhase section */

/* Begin PBXTargetDependency section */
		706232FA3902A63F30E5D03A /* PBXTargetDependency */ = {
			isa = PBXTargetDependency;
			target = D2837BE70B2E5BF41DDF4709 /* EnglishWords */;
			targetProxy = 998AF99E22EF2CC9B9ABDE0A /* PBXContainerItemProxy */;
		};
/* End PBXTargetDependency section */

/* Begin XCBuildConfiguration section */
		5DD932DAF5A706E3D2587E9E /* Debug */ = {
			isa = XCBuildConfiguration;
			buildSettings = {
				BUNDLE_LOADER = "$(TEST_HOST)";
				CODE_SIGN_STYLE = Automatic;
				DEVELOPMENT_TEAM = 9H47USBKK4;
				GENERATE_INFOPLIST_FILE = YES;
				LD_RUNPATH_SEARCH_PATHS = (
					"$(inherited)",
					"@executable_path/Frameworks",
					"@loader_path/Frameworks",
				);
				PRODUCT_BUNDLE_IDENTIFIER = com.masf.EnglishWordsTests;
				SDKROOT = iphoneos;
				SWIFT_VERSION = 5.9;
				TARGETED_DEVICE_FAMILY = "1,2";
				TEST_HOST = "$(BUILT_PRODUCTS_DIR)/EnglishWords.app/EnglishWords";
			};
			name = Debug;
		};
		7D45B78EFF92238A9D410C96 /* Release */ = {
			isa = XCBuildConfiguration;
			buildSettings = {
				ASSETCATALOG_COMPILER_APPICON_NAME = AppIcon;
				CODE_SIGN_IDENTITY = "iPhone Developer";
				CODE_SIGN_STYLE = Automatic;
				DEVELOPMENT_TEAM = 9H47USBKK4;
				INFOPLIST_FILE = Info.plist;
				LD_RUNPATH_SEARCH_PATHS = (
					"$(inherited)",
					"@executable_path/Frameworks",
				);
				PRODUCT_BUNDLE_IDENTIFIER = com.masf.englishwords;
				SDKROOT = iphoneos;
				SWIFT_VERSION = 5.9;
				TARGETED_DEVICE_FAMILY = 1;
			};
			name = Release;
		};
		8993B53A04A0B90E09BB60C6 /* Debug */ = {
			isa = XCBuildConfiguration;
			buildSettings = {
				ASSETCATALOG_COMPILER_APPICON_NAME = AppIcon;
				CODE_SIGN_IDENTITY = "iPhone Developer";
				CODE_SIGN_STYLE = Automatic;
				DEVELOPMENT_TEAM = 9H47USBKK4;
				INFOPLIST_FILE = Info.plist;
				LD_RUNPATH_SEARCH_PATHS = (
					"$(inherited)",
					"@executable_path/Frameworks",
				);
				PRODUCT_BUNDLE_IDENTIFIER = com.masf.englishwords;
				SDKROOT = iphoneos;
				SWIFT_VERSION = 5.9;
				TARGETED_DEVICE_FAMILY = 1;
			};
			name = Debug;
		};
		AF726EA51DCC89714645BCA4 /* Debug */ = {
			isa = XCBuildConfiguration;
			buildSettings = {
				ALWAYS_SEARCH_USER_PATHS = NO;
				CLANG_ANALYZER_NONNULL = YES;
				CLANG_ANALYZER_NUMBER_OBJECT_CONVERSION = YES_AGGRESSIVE;
				CLANG_CXX_LANGUAGE_STANDARD = "gnu++14";
				CLANG_CXX_LIBRARY = "libc++";
				CLANG_ENABLE_MODULES = YES;
				CLANG_ENABLE_OBJC_ARC = YES;
				CLANG_ENABLE_OBJC_WEAK = YES;
				CLANG_WARN_BLOCK_CAPTURE_AUTORELEASING = YES;
				CLANG_WARN_BOOL_CONVERSION = YES;
				CLANG_WARN_COMMA = YES;
				CLANG_WARN_CONSTANT_CONVERSION = YES;
				CLANG_WARN_DEPRECATED_OBJC_IMPLEMENTATIONS = YES;
				CLANG_WARN_DIRECT_OBJC_ISA_USAGE = YES_ERROR;
				CLANG_WARN_DOCUMENTATION_COMMENTS = YES;
				CLANG_WARN_EMPTY_BODY = YES;
				CLANG_WARN_ENUM_CONVERSION = YES;
				CLANG_WARN_INFINITE_RECURSION = YES;
				CLANG_WARN_INT_CONVERSION = YES;
				CLANG_WARN_NON_LITERAL_NULL_CONVERSION = YES;
				CLANG_WARN_OBJC_IMPLICIT_RETAIN_SELF = YES;
				CLANG_WARN_OBJC_LITERAL_CONVERSION = YES;
				CLANG_WARN_OBJC_ROOT_CLASS = YES_ERROR;
				CLANG_WARN_QUOTED_INCLUDE_IN_FRAMEWORK_HEADER = YES;
				CLANG_WARN_RANGE_LOOP_ANALYSIS = YES;
				CLANG_WARN_STRICT_PROTOTYPES = YES;
				CLANG_WARN_SUSPICIOUS_MOVE = YES;
				CLANG_WARN_UNGUARDED_AVAILABILITY = YES_AGGRESSIVE;
				CLANG_WARN_UNREACHABLE_CODE = YES;
				CLANG_WARN__DUPLICATE_METHOD_MATCH = YES;
				COPY_PHASE_STRIP = NO;
				DEBUG_INFORMATION_FORMAT = dwarf;
				ENABLE_STRICT_OBJC_MSGSEND = YES;
				ENABLE_TESTABILITY = YES;
				GCC_C_LANGUAGE_STANDARD = gnu11;
				GCC_DYNAMIC_NO_PIC = NO;
				GCC_NO_COMMON_BLOCKS = YES;
				GCC_OPTIMIZATION_LEVEL = 0;
				GCC_PREPROCESSOR_DEFINITIONS = (
					"$(inherited)",
					"DEBUG=1",
				);
				GCC_WARN_64_TO_32_BIT_CONVERSION = YES;
				GCC_WARN_ABOUT_RETURN_TYPE = YES_ERROR;
				GCC_WARN_UNDECLARED_SELECTOR = YES;
				GCC_WARN_UNINITIALIZED_AUTOS = YES_AGGRESSIVE;
				GCC_WARN_UNUSED_FUNCTION = YES;
				GCC_WARN_UNUSED_VARIABLE = YES;
				IPHONEOS_DEPLOYMENT_TARGET = 17.0;
				MTL_ENABLE_DEBUG_INFO = INCLUDE_SOURCE;
				MTL_FAST_MATH = YES;
				ONLY_ACTIVE_ARCH = YES;
				PRODUCT_NAME = "$(TARGET_NAME)";
				SDKROOT = iphoneos;
				SWIFT_ACTIVE_COMPILATION_CONDITIONS = DEBUG;
				SWIFT_OPTIMIZATION_LEVEL = "-Onone";
				SWIFT_VERSION = 5.0;
			};
			name = Debug;
		};
		B44DFF955B531619A32C4078 /* Release */ = {
			isa = XCBuildConfiguration;
			buildSettings = {
				BUNDLE_LOADER = "$(TEST_HOST)";
				CODE_SIGN_STYLE = Automatic;
				DEVELOPMENT_TEAM = 9H47USBKK4;
				GENERATE_INFOPLIST_FILE = YES;
				LD_RUNPATH_SEARCH_PATHS = (
					"$(inherited)",
					"@executable_path/Frameworks",
					"@loader_path/Frameworks",
				);
				PRODUCT_BUNDLE_IDENTIFIER = com.masf.EnglishWordsTests;
				SDKROOT = iphoneos;
				SWIFT_VERSION = 5.9;
				TARGETED_DEVICE_FAMILY = "1,2";
				TEST_HOST = "$(BUILT_PRODUCTS_DIR)/EnglishWords.app/EnglishWords";
			};
			name = Release;
		};
		E51FC3163F00A80EFCD677E7 /* Release */ = {
			isa = XCBuildConfiguration;
			buildSettings = {
				ALWAYS_SEARCH_USER_PATHS = NO;
				CLANG_ANALYZER_NONNULL = YES;
				CLANG_ANALYZER_NUMBER_OBJECT_CONVERSION = YES_AGGRESSIVE;
				CLANG_CXX_LANGUAGE_STANDARD = "gnu++14";
				CLANG_CXX_LIBRARY = "libc++";
				CLANG_ENABLE_MODULES = YES;
				CLANG_ENABLE_OBJC_ARC = YES;
				CLANG_ENABLE_OBJC_WEAK = YES;
				CLANG_WARN_BLOCK_CAPTURE_AUTORELEASING = YES;
				CLANG_WARN_BOOL_CONVERSION = YES;
				CLANG_WARN_COMMA = YES;
				CLANG_WARN_CONSTANT_CONVERSION = YES;
				CLANG_WARN_DEPRECATED_OBJC_IMPLEMENTATIONS = YES;
				CLANG_WARN_DIRECT_OBJC_ISA_USAGE = YES_ERROR;
				CLANG_WARN_DOCUMENTATION_COMMENTS = YES;
				CLANG_WARN_EMPTY_BODY = YES;
				CLANG_WARN_ENUM_CONVERSION = YES;
				CLANG_WARN_INFINITE_RECURSION = YES;
				CLANG_WARN_INT_CONVERSION = YES;
				CLANG_WARN_NON_LITERAL_NULL_CONVERSION = YES;
				CLANG_WARN_OBJC_IMPLICIT_RETAIN_SELF = YES;
				CLANG_WARN_OBJC_LITERAL_CONVERSION = YES;
				CLANG_WARN_OBJC_ROOT_CLASS = YES_ERROR;
				CLANG_WARN_QUOTED_INCLUDE_IN_FRAMEWORK_HEADER = YES;
				CLANG_WARN_RANGE_LOOP_ANALYSIS = YES;
				CLANG_WARN_STRICT_PROTOTYPES = YES;
				CLANG_WARN_SUSPICIOUS_MOVE = YES;
				CLANG_WARN_UNGUARDED_AVAILABILITY = YES_AGGRESSIVE;
				CLANG_WARN_UNREACHABLE_CODE = YES;
				CLANG_WARN__DUPLICATE_METHOD_MATCH = YES;
				COPY_PHASE_STRIP = NO;
				DEBUG_INFORMATION_FORMAT = "dwarf-with-dsym";
				ENABLE_NS_ASSERTIONS = NO;
				ENABLE_STRICT_OBJC_MSGSEND = YES;
				GCC_C_LANGUAGE_STANDARD = gnu11;
				GCC_NO_COMMON_BLOCKS = YES;
				GCC_WARN_64_TO_32_BIT_CONVERSION = YES;
				GCC_WARN_ABOUT_RETURN_TYPE = YES_ERROR;
				GCC_WARN_UNDECLARED_SELECTOR = YES;
				GCC_WARN_UNINITIALIZED_AUTOS = YES_AGGRESSIVE;
				GCC_WARN_UNUSED_FUNCTION = YES;
				GCC_WARN_UNUSED_VARIABLE = YES;
				IPHONEOS_DEPLOYMENT_TARGET = 17.0;
				MTL_ENABLE_DEBUG_INFO = NO;
				MTL_FAST_MATH = YES;
				PRODUCT_NAME = "$(TARGET_NAME)";
				SDKROOT = iphoneos;
				SWIFT_COMPILATION_MODE = wholemodule;
				SWIFT_OPTIMIZATION_LEVEL = "-O";
				SWIFT_VERSION = 5.0;
			};
			name = Release;
		};
/* End XCBuildConfiguration section */

/* Begin XCConfigurationList section */
		1C9CBA163A738B78BA925FC2 /* Build configuration list for PBXProject "EnglishWords" */ = {
			isa = XCConfigurationList;
			buildConfigurations = (
				AF726EA51DCC89714645BCA4 /* Debug */,
				E51FC3163F00A80EFCD677E7 /* Release */,
			);
			defaultConfigurationIsVisible = 0;
			defaultConfigurationName = Debug;
		};
		B8119DF724EE5716781841DF /* Build configuration list for PBXNativeTarget "EnglishWords" */ = {
			isa = XCConfigurationList;
			buildConfigurations = (
				8993B53A04A0B90E09BB60C6 /* Debug */,
				7D45B78EFF92238A9D410C96 /* Release */,
			);
			defaultConfigurationIsVisible = 0;
			defaultConfigurationName = Debug;
		};
		E28CD7724A7CF6C4407785CD /* Build configuration list for PBXNativeTarget "EnglishWordsTests" */ = {
			isa = XCConfigurationList;
			buildConfigurations = (
				5DD932DAF5A706E3D2587E9E /* Debug */,
				B44DFF955B531619A32C4078 /* Release */,
			);
			defaultConfigurationIsVisible = 0;
			defaultConfigurationName = Debug;
		};
/* End XCConfigurationList section */
	};
	rootObject = 83681E149767306108F8E666 /* Project object */;
}
